
Microsoft Visual Studio Solution File, Format Version 12.00
# Visual Studio Version 16
VisualStudioVersion = 16.0.30803.129
MinimumVisualStudioVersion = 10.0.40219.1
Project("{9A19103F-16F7-4668-BE54-9A1E7A4F7556}") = "HelloMicroservices", "HelloMicroservices\HelloMicroservices.csproj", "{1A9A49D3-2F08-4CFB-921A-5ED96C8FA77A}"
EndProject
Project("{FAE04EC0-301F-11D3-BF4B-00C04F79EFBC}") = "HelloMicrosoervicesTests", "HelloMicrosoervicesTests\HelloMicrosoervicesTests.csproj", "{510A8086-8F4E-45F4-B86D-C6FD1CA9A1CE}"
EndProject
Global
	GlobalSection(SolutionConfigurationPlatforms) = preSolution
		Debug|Any CPU = Debug|Any CPU
		Release|Any CPU = Release|Any CPU
	EndGlobalSection
	GlobalSection(ProjectConfigurationPlatforms) = postSolution
		{1A9A49D3-2F08-4CFB-921A-5ED96C8FA77A}.Debug|Any CPU.ActiveCfg = Debug|Any CPU
		{1A9A49D3-2F08-4CFB-921A-5ED96C8FA77A}.Debug|Any CPU.Build.0 = Debug|Any CPU
		{1A9A49D3-2F08-4CFB-921A-5ED96C8FA77A}.Release|Any CPU.ActiveCfg = Release|Any CPU
		{1A9A49D3-2F08-4CFB-921A-5ED96C8FA77A}.Release|Any CPU.Build.0 = Release|Any CPU
		{510A8086-8F4E-45F4-B86D-C6FD1CA9A1CE}.Debug|Any CPU.ActiveCfg = Debug|Any CPU
		{510A8086-8F4E-45F4-B86D-C6FD1CA9A1CE}.Debug|Any CPU.Build.0 = Debug|Any CPU
		{510A8086-8F4E-45F4-B86D-C6FD1CA9A1CE}.Release|Any CPU.ActiveCfg = Release|Any CPU
		{510A8086-8F4E-45F4-B86D-C6FD1CA9A1CE}.Release|Any CPU.Build.0 = Release|Any CPU
	EndGlobalSection
	GlobalSection(SolutionProperties) = preSolution
		HideSolutionNode = FALSE
	EndGlobalSection
	GlobalSection(ExtensibilityGlobals) = postSolution
		SolutionGuid = {287BDB15-838E-4BEF-A269-EAA17617084A}
	EndGlobalSection
EndGlobal
